
Microsoft Visual Studio Solution File, Format Version 12.00
# Visual Studio 15
VisualStudioVersion = 15.0.26228.9
MinimumVisualStudioVersion = 10.0.40219.1
Project("{FAE04EC0-301F-11D3-BF4B-00C04F79EFBC}") = "06_PartialView", "06_PartialView\06_PartialView.csproj", "{63AF4C74-0548-47AC-BF48-E493C1273362}"
EndProject
Global
	GlobalSection(SolutionConfigurationPlatforms) = preSolution
		Debug|Any CPU = Debug|Any CPU
		Release|Any CPU = Release|Any CPU
	EndGlobalSection
	GlobalSection(ProjectConfigurationPlatforms) = postSolution
		{63AF4C74-0548-47AC-BF48-E493C1273362}.Debug|Any CPU.ActiveCfg = Debug|Any CPU
		{63AF4C74-0548-47AC-BF48-E493C1273362}.Debug|Any CPU.Build.0 = Debug|Any CPU
		{63AF4C74-0548-47AC-BF48-E493C1273362}.Release|Any CPU.ActiveCfg = Release|Any CPU
		{63AF4C74-0548-47AC-BF48-E493C1273362}.Release|Any CPU.Build.0 = Release|Any CPU
	EndGlobalSection
	GlobalSection(SolutionProperties) = preSolution
		HideSolutionNode = FALSE
	EndGlobalSection
EndGlobal
