
Microsoft Visual Studio Solution File, Format Version 12.00
# Visual Studio 15
VisualStudioVersion = 15.0.26730.12
MinimumVisualStudioVersion = 10.0.40219.1
Project("{FAE04EC0-301F-11D3-BF4B-00C04F79EFBC}") = "AttributeTanımlamak", "AttributeTanımlamak\AttributeTanımlamak.csproj", "{300440F8-8717-4025-8502-BA1CE8B41091}"
EndProject
Global
	GlobalSection(SolutionConfigurationPlatforms) = preSolution
		Debug|Any CPU = Debug|Any CPU
		Release|Any CPU = Release|Any CPU
	EndGlobalSection
	GlobalSection(ProjectConfigurationPlatforms) = postSolution
		{300440F8-8717-4025-8502-BA1CE8B41091}.Debug|Any CPU.ActiveCfg = Debug|Any CPU
		{300440F8-8717-4025-8502-BA1CE8B41091}.Debug|Any CPU.Build.0 = Debug|Any CPU
		{300440F8-8717-4025-8502-BA1CE8B41091}.Release|Any CPU.ActiveCfg = Release|Any CPU
		{300440F8-8717-4025-8502-BA1CE8B41091}.Release|Any CPU.Build.0 = Release|Any CPU
	EndGlobalSection
	GlobalSection(SolutionProperties) = preSolution
		HideSolutionNode = FALSE
	EndGlobalSection
	GlobalSection(ExtensibilityGlobals) = postSolution
		SolutionGuid = {50E053EF-9E2F-4CD0-963B-9DB0D53A93F1}
	EndGlobalSection
EndGlobal
