
Microsoft Visual Studio Solution File, Format Version 12.00
# Visual Studio 15
VisualStudioVersion = 15.0.26730.12
MinimumVisualStudioVersion = 10.0.40219.1
Project("{FAE04EC0-301F-11D3-BF4B-00C04F79EFBC}") = "PathDemo", "PathDemo\PathDemo.csproj", "{2086841D-CC46-4CBC-A8C7-8FBD634E41EA}"
EndProject
Global
	GlobalSection(SolutionConfigurationPlatforms) = preSolution
		Debug|Any CPU = Debug|Any CPU
		Release|Any CPU = Release|Any CPU
	EndGlobalSection
	GlobalSection(ProjectConfigurationPlatforms) = postSolution
		{2086841D-CC46-4CBC-A8C7-8FBD634E41EA}.Debug|Any CPU.ActiveCfg = Debug|Any CPU
		{2086841D-CC46-4CBC-A8C7-8FBD634E41EA}.Debug|Any CPU.Build.0 = Debug|Any CPU
		{2086841D-CC46-4CBC-A8C7-8FBD634E41EA}.Release|Any CPU.ActiveCfg = Release|Any CPU
		{2086841D-CC46-4CBC-A8C7-8FBD634E41EA}.Release|Any CPU.Build.0 = Release|Any CPU
	EndGlobalSection
	GlobalSection(SolutionProperties) = preSolution
		HideSolutionNode = FALSE
	EndGlobalSection
	GlobalSection(ExtensibilityGlobals) = postSolution
		SolutionGuid = {0397E11D-1FDA-4AF3-A5E2-8B82C9F3D234}
	EndGlobalSection
EndGlobal
