
Microsoft Visual Studio Solution File, Format Version 12.00
# Visual Studio 15
VisualStudioVersion = 15.0.26730.12
MinimumVisualStudioVersion = 10.0.40219.1
Project("{FAE04EC0-301F-11D3-BF4B-00C04F79EFBC}") = "GenericClassDemo", "GenericClassDemo\GenericClassDemo.csproj", "{B102B579-9491-42E4-84C6-22F24CA95DEF}"
EndProject
Global
	GlobalSection(SolutionConfigurationPlatforms) = preSolution
		Debug|Any CPU = Debug|Any CPU
		Release|Any CPU = Release|Any CPU
	EndGlobalSection
	GlobalSection(ProjectConfigurationPlatforms) = postSolution
		{B102B579-9491-42E4-84C6-22F24CA95DEF}.Debug|Any CPU.ActiveCfg = Debug|Any CPU
		{B102B579-9491-42E4-84C6-22F24CA95DEF}.Debug|Any CPU.Build.0 = Debug|Any CPU
		{B102B579-9491-42E4-84C6-22F24CA95DEF}.Release|Any CPU.ActiveCfg = Release|Any CPU
		{B102B579-9491-42E4-84C6-22F24CA95DEF}.Release|Any CPU.Build.0 = Release|Any CPU
	EndGlobalSection
	GlobalSection(SolutionProperties) = preSolution
		HideSolutionNode = FALSE
	EndGlobalSection
	GlobalSection(ExtensibilityGlobals) = postSolution
		SolutionGuid = {2912D1DE-6DFB-47A6-A77D-0AB61EC506A6}
	EndGlobalSection
EndGlobal
