
Microsoft Visual Studio Solution File, Format Version 12.00
# Visual Studio 15
VisualStudioVersion = 15.0.26730.12
MinimumVisualStudioVersion = 10.0.40219.1
Project("{FAE04EC0-301F-11D3-BF4B-00C04F79EFBC}") = "DirectoryInfoDemo", "DirectoryInfoDemo\DirectoryInfoDemo.csproj", "{37CB5864-856B-41A2-846E-2EF6E9C57FEC}"
EndProject
Global
	GlobalSection(SolutionConfigurationPlatforms) = preSolution
		Debug|Any CPU = Debug|Any CPU
		Release|Any CPU = Release|Any CPU
	EndGlobalSection
	GlobalSection(ProjectConfigurationPlatforms) = postSolution
		{37CB5864-856B-41A2-846E-2EF6E9C57FEC}.Debug|Any CPU.ActiveCfg = Debug|Any CPU
		{37CB5864-856B-41A2-846E-2EF6E9C57FEC}.Debug|Any CPU.Build.0 = Debug|Any CPU
		{37CB5864-856B-41A2-846E-2EF6E9C57FEC}.Release|Any CPU.ActiveCfg = Release|Any CPU
		{37CB5864-856B-41A2-846E-2EF6E9C57FEC}.Release|Any CPU.Build.0 = Release|Any CPU
	EndGlobalSection
	GlobalSection(SolutionProperties) = preSolution
		HideSolutionNode = FALSE
	EndGlobalSection
	GlobalSection(ExtensibilityGlobals) = postSolution
		SolutionGuid = {A23D1E68-DAE2-49C7-9A06-12C1D9ABA463}
	EndGlobalSection
EndGlobal
