
Microsoft Visual Studio Solution File, Format Version 12.00
# Visual Studio 15
VisualStudioVersion = 15.0.26730.12
MinimumVisualStudioVersion = 10.0.40219.1
Project("{FAE04EC0-301F-11D3-BF4B-00C04F79EFBC}") = "MulticastDelegateDemo", "MulticastDelegateDemo\MulticastDelegateDemo.csproj", "{14FE55B5-C684-45A9-AA37-8A1AE92DC6DB}"
EndProject
Global
	GlobalSection(SolutionConfigurationPlatforms) = preSolution
		Debug|Any CPU = Debug|Any CPU
		Release|Any CPU = Release|Any CPU
	EndGlobalSection
	GlobalSection(ProjectConfigurationPlatforms) = postSolution
		{14FE55B5-C684-45A9-AA37-8A1AE92DC6DB}.Debug|Any CPU.ActiveCfg = Debug|Any CPU
		{14FE55B5-C684-45A9-AA37-8A1AE92DC6DB}.Debug|Any CPU.Build.0 = Debug|Any CPU
		{14FE55B5-C684-45A9-AA37-8A1AE92DC6DB}.Release|Any CPU.ActiveCfg = Release|Any CPU
		{14FE55B5-C684-45A9-AA37-8A1AE92DC6DB}.Release|Any CPU.Build.0 = Release|Any CPU
	EndGlobalSection
	GlobalSection(SolutionProperties) = preSolution
		HideSolutionNode = FALSE
	EndGlobalSection
	GlobalSection(ExtensibilityGlobals) = postSolution
		SolutionGuid = {1E686AFA-3CAA-4E24-A51D-159AD2C656F8}
	EndGlobalSection
EndGlobal
